{
  "name": "@sanketm09/search_in_array",
  "version": "1.0.4",
  "lockfileVersion": 3,
  "requires": true,
  "packages": {
    "": {
      "name": "@sanketm09/search_in_array",
      "version": "1.0.4",
      "license": "ISC",
      "dependencies": {
        "@sanketm09/search_in_array": "^1.0.4"
      }
    },
    "node_modules/@sanketm09/search_in_array": {
      "version": "1.0.4",
      "resolved": "https://registry.npmjs.org/@sanketm09/search_in_array/-/search_in_array-1.0.4.tgz",
      "integrity": "sha512-v6p0xMti8IUka/rNzGmAaX7QQjhP0JA63OrUrUxXNXLvnaeEFQI7dF4EdV32y3qKxoERI7tgQKlMjBZQbgQlSA=="
    }
  }
}
